{
  "version": "3",
  "packages": {
    "specifiers": {
      "jsr:@std/semver@^0.224.1": "jsr:@std/semver@0.224.1",
      "npm:@icholy/duration@^5.1.0": "npm:@icholy/duration@5.1.0",
      "npm:cbor-redux@^1.0.0": "npm:cbor-redux@1.0.0",
      "npm:decimal.js@^10.4.3": "npm:decimal.js@10.4.3",
      "npm:uuidv7@^1.0.0": "npm:uuidv7@1.0.0",
      "npm:zod@^3.23.8": "npm:zod@3.23.8"
    },
    "jsr": {
      "@std/semver@0.224.1": {
        "integrity": "d3f34db1d5047add33614a54bdec56b5f9f590c36b0cc87eaaee2c3d38ad60c5"
      }
    },
    "npm": {
      "@deno/shim-deno-test@0.4.0": {
        "integrity": "sha512-oYWcD7CpERZy/TXMTM9Tgh1HD/POHlbY9WpzmAk+5H8DohcxG415Qws8yLGlim3EaKBT2v3lJv01x4G0BosnaQ==",
        "dependencies": {}
      },
      "@deno/shim-deno@0.16.1": {
        "integrity": "sha512-s9v0kzF5bm/o9TgdwvsraHx6QNllYrXXmKzgOG2lh4LFXnVMr2gpjK/c/ve6EflQn1MqImcWmVD8HAv5ahuuZQ==",
        "dependencies": {
          "@deno/shim-deno-test": "@deno/shim-deno-test@0.4.0",
          "which": "which@2.0.2"
        }
      },
      "@icholy/duration@5.1.0": {
        "integrity": "sha512-I/zdjC6qYdwWJ2H1/PZbI3g58pPIiI/eOe5XDTtQ/v36d0ogcvAylqwOIWj/teY1rBnIMzUyWfX7PMm9I67WWg==",
        "dependencies": {}
      },
      "cbor-redux@1.0.0": {
        "integrity": "sha512-nqCD/Yu2FON0XgZYdUNsMx1Tc08MOY3noh9bO2MvkjlyLZyqIVWjuz6A0mDrPJncdOfacokFUtF7zlzzP5oK5A==",
        "dependencies": {
          "@deno/shim-deno": "@deno/shim-deno@0.16.1"
        }
      },
      "decimal.js@10.4.3": {
        "integrity": "sha512-VBBaLc1MgL5XpzgIP7ny5Z6Nx3UrRkIViUkPUdtl9aya5amy3De1gsUUSB1g3+3sExYNjCAsAznmukyxCb1GRA==",
        "dependencies": {}
      },
      "isexe@2.0.0": {
        "integrity": "sha512-RHxMLp9lnKHGHRng9QFhRCMbYAcVpn69smSGcq3f36xjgVVWThj4qqLbTLlq7Ssj8B+fIQ1EuCEGI2lKsyQeIw==",
        "dependencies": {}
      },
      "uuidv7@1.0.0": {
        "integrity": "sha512-XkvPwTtSmYwxIE1FSYQTYg79zHL1ZWV5vM/Qyl9ahXCU8enOPPA4bTjzvafvYUB7l2+miv4EqK/qEe75cOXIdA==",
        "dependencies": {}
      },
      "which@2.0.2": {
        "integrity": "sha512-BLI3Tl1TW3Pvl70l3yq3Y64i+awpwXqsGBYWkkqMtnbXgrMD+yj7rhW0kuEDxzJaYXGjEW5ogapKNMEKNMjibA==",
        "dependencies": {
          "isexe": "isexe@2.0.0"
        }
      },
      "zod@3.23.8": {
        "integrity": "sha512-XBx9AXhXktjUqnepgTiE5flcKIYWi/rme0Eaj+5Y0lftuGBq+jyRu/md4WnuxqgP1ubdpNCsYEYPxrzVHD8d6g==",
        "dependencies": {}
      }
    }
  },
  "remote": {},
  "workspace": {
    "dependencies": [
      "jsr:@std/assert@^0.225.3",
      "jsr:@std/semver@^0.224.1",
      "jsr:@std/testing@^0.224.0",
      "npm:@icholy/duration@^5.1.0",
      "npm:cbor-redux@^1.0.0",
      "npm:decimal.js@^10.4.3",
      "npm:isows@^1.0.4",
      "npm:uuidv7@^1.0.0",
      "npm:zod@^3.23.8"
    ]
  }
}
