{
  "version": "3",
  "packages": {
    "specifiers": {
      "jsr:@deno/cache-dir@^0.8.0": "jsr:@deno/cache-dir@0.8.0",
      "jsr:@deno/dnt@^0.41.2": "jsr:@deno/dnt@0.41.2",
      "jsr:@deno/graph@^0.69.7": "jsr:@deno/graph@0.69.10",
      "jsr:@std/assert@^0.218.2": "jsr:@std/assert@0.218.2",
      "jsr:@std/assert@^0.224.0": "jsr:@std/assert@0.224.0",
      "jsr:@std/assert@^0.225.3": "jsr:@std/assert@0.225.3",
      "jsr:@std/bytes@^0.218.2": "jsr:@std/bytes@0.218.2",
      "jsr:@std/fmt@^0.218.2": "jsr:@std/fmt@0.218.2",
      "jsr:@std/fmt@^0.224.0": "jsr:@std/fmt@0.224.0",
      "jsr:@std/fs@^0.218.2": "jsr:@std/fs@0.218.2",
      "jsr:@std/fs@^0.224.0": "jsr:@std/fs@0.224.0",
      "jsr:@std/internal@^0.224.0": "jsr:@std/internal@0.224.0",
      "jsr:@std/internal@^1.0.0": "jsr:@std/internal@1.0.0",
      "jsr:@std/io@^0.218.2": "jsr:@std/io@0.218.2",
      "jsr:@std/path@^0.218.2": "jsr:@std/path@0.218.2",
      "jsr:@std/path@^0.224.0": "jsr:@std/path@0.224.0",
      "jsr:@std/semver@^0.224.1": "jsr:@std/semver@0.224.1",
      "jsr:@std/testing@^0.224.0": "jsr:@std/testing@0.224.0",
      "npm:@icholy/duration@^5.1.0": "npm:@icholy/duration@5.1.0",
      "npm:@ts-morph/bootstrap@0.22": "npm:@ts-morph/bootstrap@0.22.0",
      "npm:cbor-redux@^1.0.0": "npm:cbor-redux@1.0.0",
      "npm:code-block-writer@^13.0.1": "npm:code-block-writer@13.0.1",
      "npm:decimal.js@^10.4.3": "npm:decimal.js@10.4.3",
      "npm:isows@^1.0.4": "npm:isows@1.0.4_ws@8.17.0",
      "npm:uuidv7@^1.0.0": "npm:uuidv7@1.0.0",
      "npm:zod@^3.23.8": "npm:zod@3.23.8"
    },
    "jsr": {
      "@deno/cache-dir@0.8.0": {
        "integrity": "e87e80a404958f6350d903e6238b72afb92468378b0b32111f7a1e4916ac7fe7",
        "dependencies": [
          "jsr:@deno/graph@^0.69.7",
          "jsr:@std/fs@^0.218.2",
          "jsr:@std/io@^0.218.2"
        ]
      },
      "@deno/dnt@0.41.2": {
        "integrity": "27bd0b42ab92ec1e892cb1f95e4b3bce84151dad89dadb422ccf5b3d7d026e9c",
        "dependencies": [
          "jsr:@deno/cache-dir@^0.8.0",
          "jsr:@std/fmt@^0.218.2",
          "jsr:@std/fs@^0.218.2",
          "jsr:@std/path@^0.218.2",
          "npm:@ts-morph/bootstrap@0.22",
          "npm:code-block-writer@^13.0.1"
        ]
      },
      "@deno/graph@0.69.10": {
        "integrity": "38fe22ac5686f6ece5daeec5a4df65c6314d7d32adcc33f77917a13cfaffa26f"
      },
      "@std/assert@0.218.2": {
        "integrity": "7f0a5a1a8cf86607cd6c2c030584096e1ffad27fc9271429a8cb48cfbdee5eaf"
      },
      "@std/assert@0.224.0": {
        "integrity": "8643233ec7aec38a940a8264a6e3eed9bfa44e7a71cc6b3c8874213ff401967f",
        "dependencies": [
          "jsr:@std/internal@^0.224.0"
        ]
      },
      "@std/assert@0.225.3": {
        "integrity": "b3c2847aecf6955b50644cdb9cf072004ea3d1998dd7579fc0acb99dbb23bd4f",
        "dependencies": [
          "jsr:@std/internal@^1.0.0"
        ]
      },
      "@std/bytes@0.218.2": {
        "integrity": "91fe54b232dcca73856b79a817247f4a651dbb60d51baafafb6408c137241670"
      },
      "@std/fmt@0.218.2": {
        "integrity": "99526449d2505aa758b6cbef81e7dd471d8b28ec0dcb1491d122b284c548788a"
      },
      "@std/fmt@0.224.0": {
        "integrity": "e20e9a2312a8b5393272c26191c0a68eda8d2c4b08b046bad1673148f1d69851"
      },
      "@std/fs@0.218.2": {
        "integrity": "dd9431453f7282e8c577cc22c9e6d036055a9a980b5549f887d6012969fabcca",
        "dependencies": [
          "jsr:@std/assert@^0.218.2",
          "jsr:@std/path@^0.218.2"
        ]
      },
      "@std/fs@0.224.0": {
        "integrity": "52a5ec89731ac0ca8f971079339286f88c571a4d61686acf75833f03a89d8e69",
        "dependencies": [
          "jsr:@std/path@^0.224.0"
        ]
      },
      "@std/internal@0.224.0": {
        "integrity": "afc50644f9cdf4495eeb80523a8f6d27226b4b36c45c7c195dfccad4b8509291"
      },
      "@std/internal@1.0.0": {
        "integrity": "ac6a6dfebf838582c4b4f61a6907374e27e05bedb6ce276e0f1608fe84e7cd9a"
      },
      "@std/io@0.218.2": {
        "integrity": "c64fbfa087b7c9d4d386c5672f291f607d88cb7d44fc299c20c713e345f2785f",
        "dependencies": [
          "jsr:@std/bytes@^0.218.2"
        ]
      },
      "@std/path@0.218.2": {
        "integrity": "b568fd923d9e53ad76d17c513e7310bda8e755a3e825e6289a0ce536404e2662",
        "dependencies": [
          "jsr:@std/assert@^0.218.2"
        ]
      },
      "@std/path@0.224.0": {
        "integrity": "55bca6361e5a6d158b9380e82d4981d82d338ec587de02951e2b7c3a24910ee6"
      },
      "@std/semver@0.224.1": {
        "integrity": "d3f34db1d5047add33614a54bdec56b5f9f590c36b0cc87eaaee2c3d38ad60c5"
      },
      "@std/testing@0.224.0": {
        "integrity": "371b8a929aa7132240d5dd766a439be8f780ef5c176ab194e0bcab72370c761e",
        "dependencies": [
          "jsr:@std/assert@^0.224.0",
          "jsr:@std/fmt@^0.224.0",
          "jsr:@std/fs@^0.224.0",
          "jsr:@std/path@^0.224.0"
        ]
      }
    },
    "npm": {
      "@deno/shim-deno-test@0.4.0": {
        "integrity": "sha512-oYWcD7CpERZy/TXMTM9Tgh1HD/POHlbY9WpzmAk+5H8DohcxG415Qws8yLGlim3EaKBT2v3lJv01x4G0BosnaQ==",
        "dependencies": {}
      },
      "@deno/shim-deno@0.16.1": {
        "integrity": "sha512-s9v0kzF5bm/o9TgdwvsraHx6QNllYrXXmKzgOG2lh4LFXnVMr2gpjK/c/ve6EflQn1MqImcWmVD8HAv5ahuuZQ==",
        "dependencies": {
          "@deno/shim-deno-test": "@deno/shim-deno-test@0.4.0",
          "which": "which@2.0.2"
        }
      },
      "@icholy/duration@5.1.0": {
        "integrity": "sha512-I/zdjC6qYdwWJ2H1/PZbI3g58pPIiI/eOe5XDTtQ/v36d0ogcvAylqwOIWj/teY1rBnIMzUyWfX7PMm9I67WWg==",
        "dependencies": {}
      },
      "@nodelib/fs.scandir@2.1.5": {
        "integrity": "sha512-vq24Bq3ym5HEQm2NKCr3yXDwjc7vTsEThRDnkp2DK9p1uqLR+DHurm/NOTo0KG7HYHU7eppKZj3MyqYuMBf62g==",
        "dependencies": {
          "@nodelib/fs.stat": "@nodelib/fs.stat@2.0.5",
          "run-parallel": "run-parallel@1.2.0"
        }
      },
      "@nodelib/fs.stat@2.0.5": {
        "integrity": "sha512-RkhPPp2zrqDAQA/2jNhnztcPAlv64XdhIp7a7454A5ovI7Bukxgt7MX7udwAu3zg1DcpPU0rz3VV1SeaqvY4+A==",
        "dependencies": {}
      },
      "@nodelib/fs.walk@1.2.8": {
        "integrity": "sha512-oGB+UxlgWcgQkgwo8GcEGwemoTFt3FIO9ababBmaGwXIoBKZ+GTy0pP185beGg7Llih/NSHSV2XAs1lnznocSg==",
        "dependencies": {
          "@nodelib/fs.scandir": "@nodelib/fs.scandir@2.1.5",
          "fastq": "fastq@1.17.1"
        }
      },
      "@ts-morph/bootstrap@0.22.0": {
        "integrity": "sha512-MI5q7pid4swAlE2lcHwHRa6rcjoIMyT6fy8uuZm8BGg7DHGi/H5bQ0GMZzbk3N0r/LfStMdOYPkl+3IwvfIQ2g==",
        "dependencies": {
          "@ts-morph/common": "@ts-morph/common@0.22.0"
        }
      },
      "@ts-morph/common@0.22.0": {
        "integrity": "sha512-HqNBuV/oIlMKdkLshXd1zKBqNQCsuPEsgQOkfFQ/eUKjRlwndXW1AjN9LVkBEIukm00gGXSRmfkl0Wv5VXLnlw==",
        "dependencies": {
          "fast-glob": "fast-glob@3.3.2",
          "minimatch": "minimatch@9.0.4",
          "mkdirp": "mkdirp@3.0.1",
          "path-browserify": "path-browserify@1.0.1"
        }
      },
      "balanced-match@1.0.2": {
        "integrity": "sha512-3oSeUO0TMV67hN1AmbXsK4yaqU7tjiHlbxRDZOpH0KW9+CeX4bRAaX0Anxt0tx2MrpRpWwQaPwIlISEJhYU5Pw==",
        "dependencies": {}
      },
      "brace-expansion@2.0.1": {
        "integrity": "sha512-XnAIvQ8eM+kC6aULx6wuQiwVsnzsi9d3WxzV3FpWTGA19F621kwdbsAcFKXgKUHZWsy+mY6iL1sHTxWEFCytDA==",
        "dependencies": {
          "balanced-match": "balanced-match@1.0.2"
        }
      },
      "braces@3.0.3": {
        "integrity": "sha512-yQbXgO/OSZVD2IsiLlro+7Hf6Q18EJrKSEsdoMzKePKXct3gvD8oLcOQdIzGupr5Fj+EDe8gO/lxc1BzfMpxvA==",
        "dependencies": {
          "fill-range": "fill-range@7.1.1"
        }
      },
      "cbor-redux@1.0.0": {
        "integrity": "sha512-nqCD/Yu2FON0XgZYdUNsMx1Tc08MOY3noh9bO2MvkjlyLZyqIVWjuz6A0mDrPJncdOfacokFUtF7zlzzP5oK5A==",
        "dependencies": {
          "@deno/shim-deno": "@deno/shim-deno@0.16.1"
        }
      },
      "code-block-writer@13.0.1": {
        "integrity": "sha512-c5or4P6erEA69TxaxTNcHUNcIn+oyxSRTOWV+pSYF+z4epXqNvwvJ70XPGjPNgue83oAFAPBRQYwpAJ/Hpe/Sg==",
        "dependencies": {}
      },
      "decimal.js@10.4.3": {
        "integrity": "sha512-VBBaLc1MgL5XpzgIP7ny5Z6Nx3UrRkIViUkPUdtl9aya5amy3De1gsUUSB1g3+3sExYNjCAsAznmukyxCb1GRA==",
        "dependencies": {}
      },
      "fast-glob@3.3.2": {
        "integrity": "sha512-oX2ruAFQwf/Orj8m737Y5adxDQO0LAB7/S5MnxCdTNDd4p6BsyIVsv9JQsATbTSq8KHRpLwIHbVlUNatxd+1Ow==",
        "dependencies": {
          "@nodelib/fs.stat": "@nodelib/fs.stat@2.0.5",
          "@nodelib/fs.walk": "@nodelib/fs.walk@1.2.8",
          "glob-parent": "glob-parent@5.1.2",
          "merge2": "merge2@1.4.1",
          "micromatch": "micromatch@4.0.7"
        }
      },
      "fastq@1.17.1": {
        "integrity": "sha512-sRVD3lWVIXWg6By68ZN7vho9a1pQcN/WBFaAAsDDFzlJjvoGx0P8z7V1t72grFJfJhu3YPZBuu25f7Kaw2jN1w==",
        "dependencies": {
          "reusify": "reusify@1.0.4"
        }
      },
      "fill-range@7.1.1": {
        "integrity": "sha512-YsGpe3WHLK8ZYi4tWDg2Jy3ebRz2rXowDxnld4bkQB00cc/1Zw9AWnC0i9ztDJitivtQvaI9KaLyKrc+hBW0yg==",
        "dependencies": {
          "to-regex-range": "to-regex-range@5.0.1"
        }
      },
      "glob-parent@5.1.2": {
        "integrity": "sha512-AOIgSQCepiJYwP3ARnGx+5VnTu2HBYdzbGP45eLw1vr3zB3vZLeyed1sC9hnbcOc9/SrMyM5RPQrkGz4aS9Zow==",
        "dependencies": {
          "is-glob": "is-glob@4.0.3"
        }
      },
      "is-extglob@2.1.1": {
        "integrity": "sha512-SbKbANkN603Vi4jEZv49LeVJMn4yGwsbzZworEoyEiutsN3nJYdbO36zfhGJ6QEDpOZIFkDtnq5JRxmvl3jsoQ==",
        "dependencies": {}
      },
      "is-glob@4.0.3": {
        "integrity": "sha512-xelSayHH36ZgE7ZWhli7pW34hNbNl8Ojv5KVmkJD4hBdD3th8Tfk9vYasLM+mXWOZhFkgZfxhLSnrwRr4elSSg==",
        "dependencies": {
          "is-extglob": "is-extglob@2.1.1"
        }
      },
      "is-number@7.0.0": {
        "integrity": "sha512-41Cifkg6e8TylSpdtTpeLVMqvSBEVzTttHvERD741+pnZ8ANv0004MRL43QKPDlK9cGvNp6NZWZUBlbGXYxxng==",
        "dependencies": {}
      },
      "isexe@2.0.0": {
        "integrity": "sha512-RHxMLp9lnKHGHRng9QFhRCMbYAcVpn69smSGcq3f36xjgVVWThj4qqLbTLlq7Ssj8B+fIQ1EuCEGI2lKsyQeIw==",
        "dependencies": {}
      },
      "isows@1.0.4_ws@8.17.0": {
        "integrity": "sha512-hEzjY+x9u9hPmBom9IIAqdJCwNLax+xrPb51vEPpERoFlIxgmZcHzsT5jKG06nvInKOBGvReAVz80Umed5CczQ==",
        "dependencies": {
          "ws": "ws@8.17.0"
        }
      },
      "merge2@1.4.1": {
        "integrity": "sha512-8q7VEgMJW4J8tcfVPy8g09NcQwZdbwFEqhe/WZkoIzjn/3TGDwtOCYtXGxA3O8tPzpczCCDgv+P2P5y00ZJOOg==",
        "dependencies": {}
      },
      "micromatch@4.0.7": {
        "integrity": "sha512-LPP/3KorzCwBxfeUuZmaR6bG2kdeHSbe0P2tY3FLRU4vYrjYz5hI4QZwV0njUx3jeuKe67YukQ1LSPZBKDqO/Q==",
        "dependencies": {
          "braces": "braces@3.0.3",
          "picomatch": "picomatch@2.3.1"
        }
      },
      "minimatch@9.0.4": {
        "integrity": "sha512-KqWh+VchfxcMNRAJjj2tnsSJdNbHsVgnkBhTNrW7AjVo6OvLtxw8zfT9oLw1JSohlFzJ8jCoTgaoXvJ+kHt6fw==",
        "dependencies": {
          "brace-expansion": "brace-expansion@2.0.1"
        }
      },
      "mkdirp@3.0.1": {
        "integrity": "sha512-+NsyUUAZDmo6YVHzL/stxSu3t9YS1iljliy3BSDrXJ/dkn1KYdmtZODGGjLcc9XLgVVpH4KshHB8XmZgMhaBXg==",
        "dependencies": {}
      },
      "path-browserify@1.0.1": {
        "integrity": "sha512-b7uo2UCUOYZcnF/3ID0lulOJi/bafxa1xPe7ZPsammBSpjSWQkjNxlt635YGS2MiR9GjvuXCtz2emr3jbsz98g==",
        "dependencies": {}
      },
      "picomatch@2.3.1": {
        "integrity": "sha512-JU3teHTNjmE2VCGFzuY8EXzCDVwEqB2a8fsIvwaStHhAWJEeVd1o1QD80CU6+ZdEXXSLbSsuLwJjkCBWqRQUVA==",
        "dependencies": {}
      },
      "queue-microtask@1.2.3": {
        "integrity": "sha512-NuaNSa6flKT5JaSYQzJok04JzTL1CA6aGhv5rfLW3PgqA+M2ChpZQnAC8h8i4ZFkBS8X5RqkDBHA7r4hej3K9A==",
        "dependencies": {}
      },
      "reusify@1.0.4": {
        "integrity": "sha512-U9nH88a3fc/ekCF1l0/UP1IosiuIjyTh7hBvXVMHYgVcfGvt897Xguj2UOLDeI5BG2m7/uwyaLVT6fbtCwTyzw==",
        "dependencies": {}
      },
      "run-parallel@1.2.0": {
        "integrity": "sha512-5l4VyZR86LZ/lDxZTR6jqL8AFE2S0IFLMP26AbjsLVADxHdhB/c0GUsH+y39UfCi3dzz8OlQuPmnaJOMoDHQBA==",
        "dependencies": {
          "queue-microtask": "queue-microtask@1.2.3"
        }
      },
      "to-regex-range@5.0.1": {
        "integrity": "sha512-65P7iz6X5yEr1cwcgvQxbbIw7Uk3gOy5dIdtZ4rDveLqhrdJP+Li/Hx6tyK0NEb+2GCyneCMJiGqrADCSNk8sQ==",
        "dependencies": {
          "is-number": "is-number@7.0.0"
        }
      },
      "uuidv7@1.0.0": {
        "integrity": "sha512-XkvPwTtSmYwxIE1FSYQTYg79zHL1ZWV5vM/Qyl9ahXCU8enOPPA4bTjzvafvYUB7l2+miv4EqK/qEe75cOXIdA==",
        "dependencies": {}
      },
      "which@2.0.2": {
        "integrity": "sha512-BLI3Tl1TW3Pvl70l3yq3Y64i+awpwXqsGBYWkkqMtnbXgrMD+yj7rhW0kuEDxzJaYXGjEW5ogapKNMEKNMjibA==",
        "dependencies": {
          "isexe": "isexe@2.0.0"
        }
      },
      "ws@8.17.0": {
        "integrity": "sha512-uJq6108EgZMAl20KagGkzCKfMEjxmKvZHG7Tlq0Z6nOky7YF7aq4mOx6xK8TJ/i1LeK4Qus7INktacctDgY8Ow==",
        "dependencies": {}
      },
      "zod@3.23.8": {
        "integrity": "sha512-XBx9AXhXktjUqnepgTiE5flcKIYWi/rme0Eaj+5Y0lftuGBq+jyRu/md4WnuxqgP1ubdpNCsYEYPxrzVHD8d6g==",
        "dependencies": {}
      }
    }
  },
  "remote": {
    "https://deno.land/x/port@1.0.0/mod.ts": "2dc04ce1ccf133ae09205e30b550044c4c6f64a1a7d00ea91c66dbb9f6cc00f5",
    "https://deno.land/x/port@1.0.0/types.ts": "42d6ae4147d5d67408d60209da070ddfa79ec8389c6cab1b8002df0cf6c03af6"
  },
  "workspace": {
    "dependencies": [
      "jsr:@deno/dnt@^0.41.2",
      "jsr:@std/assert@^0.225.3",
      "jsr:@std/semver@^0.224.1",
      "jsr:@std/testing@^0.224.0",
      "npm:@icholy/duration@^5.1.0",
      "npm:cbor-redux@^1.0.0",
      "npm:decimal.js@^10.4.3",
      "npm:isows@^1.0.4",
      "npm:uuidv7@^1.0.0",
      "npm:zod@^3.23.8"
    ]
  }
}
