{
  "version": "3",
  "packages": {
    "specifiers": {
      "jsr:@std/assert@^0.224.0": "jsr:@std/assert@0.224.0",
      "jsr:@std/assert@^0.225.3": "jsr:@std/assert@0.225.3",
      "jsr:@std/fmt@^0.224.0": "jsr:@std/fmt@0.224.0",
      "jsr:@std/fs@^0.224.0": "jsr:@std/fs@0.224.0",
      "jsr:@std/internal@^0.224.0": "jsr:@std/internal@0.224.0",
      "jsr:@std/internal@^1.0.0": "jsr:@std/internal@1.0.0",
      "jsr:@std/path@^0.224.0": "jsr:@std/path@0.224.0",
      "jsr:@std/semver@^0.224.1": "jsr:@std/semver@0.224.1",
      "jsr:@std/testing@^0.224.0": "jsr:@std/testing@0.224.0",
      "npm:@icholy/duration@^5.1.0": "npm:@icholy/duration@5.1.0",
      "npm:cbor-redux@^1.0.0": "npm:cbor-redux@1.0.0",
      "npm:decimal.js@^10.4.3": "npm:decimal.js@10.4.3",
      "npm:uuidv7@^1.0.0": "npm:uuidv7@1.0.0",
      "npm:zod@^3.23.8": "npm:zod@3.23.8"
    },
    "jsr": {
      "@std/assert@0.224.0": {
        "integrity": "8643233ec7aec38a940a8264a6e3eed9bfa44e7a71cc6b3c8874213ff401967f",
        "dependencies": [
          "jsr:@std/internal@^0.224.0"
        ]
      },
      "@std/assert@0.225.3": {
        "integrity": "b3c2847aecf6955b50644cdb9cf072004ea3d1998dd7579fc0acb99dbb23bd4f",
        "dependencies": [
          "jsr:@std/internal@^1.0.0"
        ]
      },
      "@std/fmt@0.224.0": {
        "integrity": "e20e9a2312a8b5393272c26191c0a68eda8d2c4b08b046bad1673148f1d69851"
      },
      "@std/fs@0.224.0": {
        "integrity": "52a5ec89731ac0ca8f971079339286f88c571a4d61686acf75833f03a89d8e69",
        "dependencies": [
          "jsr:@std/path@^0.224.0"
        ]
      },
      "@std/internal@0.224.0": {
        "integrity": "afc50644f9cdf4495eeb80523a8f6d27226b4b36c45c7c195dfccad4b8509291"
      },
      "@std/internal@1.0.0": {
        "integrity": "ac6a6dfebf838582c4b4f61a6907374e27e05bedb6ce276e0f1608fe84e7cd9a"
      },
      "@std/path@0.224.0": {
        "integrity": "55bca6361e5a6d158b9380e82d4981d82d338ec587de02951e2b7c3a24910ee6"
      },
      "@std/semver@0.224.1": {
        "integrity": "d3f34db1d5047add33614a54bdec56b5f9f590c36b0cc87eaaee2c3d38ad60c5"
      },
      "@std/testing@0.224.0": {
        "integrity": "371b8a929aa7132240d5dd766a439be8f780ef5c176ab194e0bcab72370c761e",
        "dependencies": [
          "jsr:@std/assert@^0.224.0",
          "jsr:@std/fmt@^0.224.0",
          "jsr:@std/fs@^0.224.0",
          "jsr:@std/path@^0.224.0"
        ]
      }
    },
    "npm": {
      "@deno/shim-deno-test@0.4.0": {
        "integrity": "sha512-oYWcD7CpERZy/TXMTM9Tgh1HD/POHlbY9WpzmAk+5H8DohcxG415Qws8yLGlim3EaKBT2v3lJv01x4G0BosnaQ==",
        "dependencies": {}
      },
      "@deno/shim-deno@0.16.1": {
        "integrity": "sha512-s9v0kzF5bm/o9TgdwvsraHx6QNllYrXXmKzgOG2lh4LFXnVMr2gpjK/c/ve6EflQn1MqImcWmVD8HAv5ahuuZQ==",
        "dependencies": {
          "@deno/shim-deno-test": "@deno/shim-deno-test@0.4.0",
          "which": "which@2.0.2"
        }
      },
      "@icholy/duration@5.1.0": {
        "integrity": "sha512-I/zdjC6qYdwWJ2H1/PZbI3g58pPIiI/eOe5XDTtQ/v36d0ogcvAylqwOIWj/teY1rBnIMzUyWfX7PMm9I67WWg==",
        "dependencies": {}
      },
      "cbor-redux@1.0.0": {
        "integrity": "sha512-nqCD/Yu2FON0XgZYdUNsMx1Tc08MOY3noh9bO2MvkjlyLZyqIVWjuz6A0mDrPJncdOfacokFUtF7zlzzP5oK5A==",
        "dependencies": {
          "@deno/shim-deno": "@deno/shim-deno@0.16.1"
        }
      },
      "decimal.js@10.4.3": {
        "integrity": "sha512-VBBaLc1MgL5XpzgIP7ny5Z6Nx3UrRkIViUkPUdtl9aya5amy3De1gsUUSB1g3+3sExYNjCAsAznmukyxCb1GRA==",
        "dependencies": {}
      },
      "isexe@2.0.0": {
        "integrity": "sha512-RHxMLp9lnKHGHRng9QFhRCMbYAcVpn69smSGcq3f36xjgVVWThj4qqLbTLlq7Ssj8B+fIQ1EuCEGI2lKsyQeIw==",
        "dependencies": {}
      },
      "uuidv7@1.0.0": {
        "integrity": "sha512-XkvPwTtSmYwxIE1FSYQTYg79zHL1ZWV5vM/Qyl9ahXCU8enOPPA4bTjzvafvYUB7l2+miv4EqK/qEe75cOXIdA==",
        "dependencies": {}
      },
      "which@2.0.2": {
        "integrity": "sha512-BLI3Tl1TW3Pvl70l3yq3Y64i+awpwXqsGBYWkkqMtnbXgrMD+yj7rhW0kuEDxzJaYXGjEW5ogapKNMEKNMjibA==",
        "dependencies": {
          "isexe": "isexe@2.0.0"
        }
      },
      "zod@3.23.8": {
        "integrity": "sha512-XBx9AXhXktjUqnepgTiE5flcKIYWi/rme0Eaj+5Y0lftuGBq+jyRu/md4WnuxqgP1ubdpNCsYEYPxrzVHD8d6g==",
        "dependencies": {}
      }
    }
  },
  "remote": {
    "https://deno.land/x/port@1.0.0/mod.ts": "2dc04ce1ccf133ae09205e30b550044c4c6f64a1a7d00ea91c66dbb9f6cc00f5",
    "https://deno.land/x/port@1.0.0/types.ts": "42d6ae4147d5d67408d60209da070ddfa79ec8389c6cab1b8002df0cf6c03af6"
  },
  "workspace": {
    "dependencies": [
      "jsr:@std/assert@^0.225.3",
      "jsr:@std/semver@^0.224.1",
      "jsr:@std/testing@^0.224.0",
      "npm:@icholy/duration@^5.1.0",
      "npm:cbor-redux@^1.0.0",
      "npm:decimal.js@^10.4.3",
      "npm:isows@^1.0.4",
      "npm:uuidv7@^1.0.0",
      "npm:zod@^3.23.8"
    ]
  }
}
