{
	"name": "surrealdb.js",
	"lockfileVersion": 3,
	"requires": true,
	"packages": {
		"": {
			"devDependencies": {
				"node-fetch": "^3.3.1"
			}
		},
		"node_modules/.pnpm/data-uri-to-buffer@4.0.1/node_modules/data-uri-to-buffer": {
			"version": "4.0.1",
			"extraneous": true,
			"license": "MIT",
			"devDependencies": {
				"@types/jest": "^27.0.2",
				"@types/node": "^12.20.36",
				"jest": "^27.3.1",
				"ts-jest": "^27.0.7",
				"typescript": "^4.4.4"
			},
			"engines": {
				"node": ">= 12"
			}
		},
		"node_modules/.pnpm/fetch-blob@3.2.0": {
			"extraneous": true
		},
		"node_modules/.pnpm/formdata-polyfill@4.0.10": {
			"extraneous": true
		},
		"node_modules/.pnpm/node-domexception@1.0.0/node_modules/node-domexception": {
			"version": "1.0.0",
			"extraneous": true,
			"funding": [
				{
					"type": "github",
					"url": "https://github.com/sponsors/jimmywarting"
				},
				{
					"type": "github",
					"url": "https://paypal.me/jimmywarting"
				}
			],
			"license": "MIT",
			"engines": {
				"node": ">=10.5.0"
			}
		},
		"node_modules/.pnpm/node-fetch@3.3.1": {
			"extraneous": true
		},
		"node_modules/.pnpm/web-streams-polyfill@3.2.1/node_modules/web-streams-polyfill": {
			"version": "3.2.1",
			"extraneous": true,
			"license": "MIT",
			"devDependencies": {
				"@microsoft/api-extractor": "^7.13.4",
				"@rollup/plugin-inject": "^4.0.2",
				"@rollup/plugin-replace": "^2.4.2",
				"@rollup/plugin-strip": "^2.0.0",
				"@rollup/plugin-typescript": "^8.2.1",
				"@types/node": "^14.14.37",
				"@typescript-eslint/eslint-plugin": "^4.21.0",
				"@typescript-eslint/parser": "^4.21.0",
				"@ungap/promise-all-settled": "^1.1.2",
				"eslint": "^7.23.0",
				"jasmine": "^3.7.0",
				"micromatch": "^4.0.2",
				"rollup": "^2.44.0",
				"rollup-plugin-terser": "^7.0.2",
				"ts-morph": "^10.0.2",
				"tslib": "^2.2.0",
				"typescript": "^4.2.4",
				"wpt-runner": "^3.2.1"
			},
			"engines": {
				"node": ">= 8"
			}
		},
		"node_modules/data-uri-to-buffer": {
			"version": "4.0.1",
			"resolved": "https://registry.npmjs.org/data-uri-to-buffer/-/data-uri-to-buffer-4.0.1.tgz",
			"integrity": "sha512-0R9ikRb668HB7QDxT1vkpuUBtqc53YyAwMwGeUFKRojY/NWKvdZ+9UYtRfGmhqNbRkTSVpMbmyhXipFFv2cb/A==",
			"dev": true,
			"engines": {
				"node": ">= 12"
			}
		},
		"node_modules/fetch-blob": {
			"version": "3.2.0",
			"resolved": "https://registry.npmjs.org/fetch-blob/-/fetch-blob-3.2.0.tgz",
			"integrity": "sha512-7yAQpD2UMJzLi1Dqv7qFYnPbaPx7ZfFK6PiIxQ4PfkGPyNyl2Ugx+a/umUonmKqjhM4DnfbMvdX6otXq83soQQ==",
			"dev": true,
			"funding": [
				{
					"type": "github",
					"url": "https://github.com/sponsors/jimmywarting"
				},
				{
					"type": "paypal",
					"url": "https://paypal.me/jimmywarting"
				}
			],
			"dependencies": {
				"node-domexception": "^1.0.0",
				"web-streams-polyfill": "^3.0.3"
			},
			"engines": {
				"node": "^12.20 || >= 14.13"
			}
		},
		"node_modules/fetch-blob/node_modules/web-streams-polyfill": {
			"version": "3.2.1",
			"resolved": "https://registry.npmjs.org/web-streams-polyfill/-/web-streams-polyfill-3.2.1.tgz",
			"integrity": "sha512-e0MO3wdXWKrLbL0DgGnUV7WHVuw9OUvL4hjgnPkIeEvESk74gAITi5G606JtZPp39cd8HA9VQzCIvA49LpPN5Q==",
			"dev": true,
			"engines": {
				"node": ">= 8"
			}
		},
		"node_modules/formdata-polyfill": {
			"version": "4.0.10",
			"resolved": "https://registry.npmjs.org/formdata-polyfill/-/formdata-polyfill-4.0.10.tgz",
			"integrity": "sha512-buewHzMvYL29jdeQTVILecSaZKnt/RJWjoZCF5OW60Z67/GmSLBkOFM7qh1PI3zFNtJbaZL5eQu1vLfazOwj4g==",
			"dev": true,
			"dependencies": {
				"fetch-blob": "^3.1.2"
			},
			"engines": {
				"node": ">=12.20.0"
			}
		},
		"node_modules/node-domexception": {
			"version": "1.0.0",
			"resolved": "https://registry.npmjs.org/node-domexception/-/node-domexception-1.0.0.tgz",
			"integrity": "sha512-/jKZoMpw0F8GRwl4/eLROPA3cfcXtLApP0QzLmUT/HuPCZWyB7IY9ZrMeKw2O/nFIqPQB3PVM9aYm0F312AXDQ==",
			"dev": true,
			"funding": [
				{
					"type": "github",
					"url": "https://github.com/sponsors/jimmywarting"
				},
				{
					"type": "github",
					"url": "https://paypal.me/jimmywarting"
				}
			],
			"engines": {
				"node": ">=10.5.0"
			}
		},
		"node_modules/node-fetch": {
			"version": "3.3.1",
			"resolved": "https://registry.npmjs.org/node-fetch/-/node-fetch-3.3.1.tgz",
			"integrity": "sha512-cRVc/kyto/7E5shrWca1Wsea4y6tL9iYJE5FBCius3JQfb/4P4I295PfhgbJQBLTx6lATE4z+wK0rPM4VS2uow==",
			"dev": true,
			"dependencies": {
				"data-uri-to-buffer": "^4.0.0",
				"fetch-blob": "^3.1.4",
				"formdata-polyfill": "^4.0.10"
			},
			"engines": {
				"node": "^12.20.0 || ^14.13.1 || >=16.0.0"
			},
			"funding": {
				"type": "opencollective",
				"url": "https://opencollective.com/node-fetch"
			}
		}
	}
}
